
Microsoft Visual Studio Solution File, Format Version 11.00
# Visual Studio 2010
Project("{FAE04EC0-301F-11D3-BF4B-00C04F79EFBC}") = "UtilityLibrary", "UtilityLibrary\UtilityLibrary.csproj", "{EF17DE45-C757-48BF-BE3B-FD8E1D72E154}"
EndProject
Project("{FAE04EC0-301F-11D3-BF4B-00C04F79EFBC}") = "UtilityLibrary.Designers", "UtilityLibrary.Designers\UtilityLibrary.Designers.csproj", "{ED491C68-A72C-45AA-AFCC-644C376DA65E}"
EndProject
Project("{FAE04EC0-301F-11D3-BF4B-00C04F79EFBC}") = "UtilityLibrary.Win32.WindowsAPI", "UtilityLibrary.Win32.WindowsAPI\UtilityLibrary.Win32.WindowsAPI.csproj", "{73218D7E-8813-4E5E-8163-18282C2CADEB}"
EndProject
Project("{FAE04EC0-301F-11D3-BF4B-00C04F79EFBC}") = "TestApp", "TestApp\TestApp.csproj", "{8D7C2C27-604A-4203-9BA3-B4E5DC786867}"
EndProject
Project("{FAE04EC0-301F-11D3-BF4B-00C04F79EFBC}") = "sample", "sample\sample.csproj", "{D50BE44C-5886-4B8E-9590-8BED87F0DC3A}"
EndProject
Project("{FAE04EC0-301F-11D3-BF4B-00C04F79EFBC}") = "sampleApp", "sampleApp\sampleApp.csproj", "{33F2461F-68CA-484D-806A-BF18F7696637}"
EndProject
Project("{FAE04EC0-301F-11D3-BF4B-00C04F79EFBC}") = "Processing.UI", "Processing.UI\Processing.UI.csproj", "{4E2C3760-7D6A-4824-80BF-D34C66868A8A}"
EndProject
Project("{FAE04EC0-301F-11D3-BF4B-00C04F79EFBC}") = "ArcSample", "ArcSample\ArcSample.csproj", "{6DDC431A-AEE9-41F4-BC8A-BE6C8FED723F}"
EndProject
Global
	GlobalSection(SolutionConfigurationPlatforms) = preSolution
		Client Release|Any CPU = Client Release|Any CPU
		Client Release|Mixed Platforms = Client Release|Mixed Platforms
		Client Release|Win32 = Client Release|Win32
		Client Release|x86 = Client Release|x86
		Debug Control Creation|Any CPU = Debug Control Creation|Any CPU
		Debug Control Creation|Mixed Platforms = Debug Control Creation|Mixed Platforms
		Debug Control Creation|Win32 = Debug Control Creation|Win32
		Debug Control Creation|x86 = Debug Control Creation|x86
		Debug|Any CPU = Debug|Any CPU
		Debug|Mixed Platforms = Debug|Mixed Platforms
		Debug|Win32 = Debug|Win32
		Debug|x86 = Debug|x86
		Release|Any CPU = Release|Any CPU
		Release|Mixed Platforms = Release|Mixed Platforms
		Release|Win32 = Release|Win32
		Release|x86 = Release|x86
	EndGlobalSection
	GlobalSection(ProjectConfigurationPlatforms) = postSolution
		{EF17DE45-C757-48BF-BE3B-FD8E1D72E154}.Client Release|Any CPU.ActiveCfg = Client Release|Any CPU
		{EF17DE45-C757-48BF-BE3B-FD8E1D72E154}.Client Release|Any CPU.Build.0 = Client Release|Any CPU
		{EF17DE45-C757-48BF-BE3B-FD8E1D72E154}.Client Release|Mixed Platforms.ActiveCfg = Client Release|Any CPU
		{EF17DE45-C757-48BF-BE3B-FD8E1D72E154}.Client Release|Mixed Platforms.Build.0 = Client Release|Any CPU
		{EF17DE45-C757-48BF-BE3B-FD8E1D72E154}.Client Release|Win32.ActiveCfg = Client Release|Any CPU
		{EF17DE45-C757-48BF-BE3B-FD8E1D72E154}.Client Release|x86.ActiveCfg = Client Release|Any CPU
		{EF17DE45-C757-48BF-BE3B-FD8E1D72E154}.Debug Control Creation|Any CPU.ActiveCfg = Debug Control Creation|Any CPU
		{EF17DE45-C757-48BF-BE3B-FD8E1D72E154}.Debug Control Creation|Any CPU.Build.0 = Debug Control Creation|Any CPU
		{EF17DE45-C757-48BF-BE3B-FD8E1D72E154}.Debug Control Creation|Mixed Platforms.ActiveCfg = Debug Control Creation|Any CPU
		{EF17DE45-C757-48BF-BE3B-FD8E1D72E154}.Debug Control Creation|Mixed Platforms.Build.0 = Debug Control Creation|Any CPU
		{EF17DE45-C757-48BF-BE3B-FD8E1D72E154}.Debug Control Creation|Win32.ActiveCfg = Debug Control Creation|Any CPU
		{EF17DE45-C757-48BF-BE3B-FD8E1D72E154}.Debug Control Creation|x86.ActiveCfg = Debug Control Creation|Any CPU
		{EF17DE45-C757-48BF-BE3B-FD8E1D72E154}.Debug|Any CPU.ActiveCfg = Debug|Any CPU
		{EF17DE45-C757-48BF-BE3B-FD8E1D72E154}.Debug|Any CPU.Build.0 = Debug|Any CPU
		{EF17DE45-C757-48BF-BE3B-FD8E1D72E154}.Debug|Mixed Platforms.ActiveCfg = Debug|Any CPU
		{EF17DE45-C757-48BF-BE3B-FD8E1D72E154}.Debug|Mixed Platforms.Build.0 = Debug|Any CPU
		{EF17DE45-C757-48BF-BE3B-FD8E1D72E154}.Debug|Win32.ActiveCfg = Debug|Any CPU
		{EF17DE45-C757-48BF-BE3B-FD8E1D72E154}.Debug|x86.ActiveCfg = Debug|x86
		{EF17DE45-C757-48BF-BE3B-FD8E1D72E154}.Debug|x86.Build.0 = Debug|x86
		{EF17DE45-C757-48BF-BE3B-FD8E1D72E154}.Release|Any CPU.ActiveCfg = Release|Any CPU
		{EF17DE45-C757-48BF-BE3B-FD8E1D72E154}.Release|Any CPU.Build.0 = Release|Any CPU
		{EF17DE45-C757-48BF-BE3B-FD8E1D72E154}.Release|Mixed Platforms.ActiveCfg = Release|Any CPU
		{EF17DE45-C757-48BF-BE3B-FD8E1D72E154}.Release|Mixed Platforms.Build.0 = Release|Any CPU
		{EF17DE45-C757-48BF-BE3B-FD8E1D72E154}.Release|Win32.ActiveCfg = Release|Any CPU
		{EF17DE45-C757-48BF-BE3B-FD8E1D72E154}.Release|x86.ActiveCfg = Release|x86
		{EF17DE45-C757-48BF-BE3B-FD8E1D72E154}.Release|x86.Build.0 = Release|x86
		{ED491C68-A72C-45AA-AFCC-644C376DA65E}.Client Release|Any CPU.ActiveCfg = Release|Any CPU
		{ED491C68-A72C-45AA-AFCC-644C376DA65E}.Client Release|Any CPU.Build.0 = Release|Any CPU
		{ED491C68-A72C-45AA-AFCC-644C376DA65E}.Client Release|Mixed Platforms.ActiveCfg = Release|Any CPU
		{ED491C68-A72C-45AA-AFCC-644C376DA65E}.Client Release|Mixed Platforms.Build.0 = Release|Any CPU
		{ED491C68-A72C-45AA-AFCC-644C376DA65E}.Client Release|Win32.ActiveCfg = Release|Any CPU
		{ED491C68-A72C-45AA-AFCC-644C376DA65E}.Client Release|x86.ActiveCfg = Release|Any CPU
		{ED491C68-A72C-45AA-AFCC-644C376DA65E}.Debug Control Creation|Any CPU.ActiveCfg = Debug|Any CPU
		{ED491C68-A72C-45AA-AFCC-644C376DA65E}.Debug Control Creation|Any CPU.Build.0 = Debug|Any CPU
		{ED491C68-A72C-45AA-AFCC-644C376DA65E}.Debug Control Creation|Mixed Platforms.ActiveCfg = Debug|Any CPU
		{ED491C68-A72C-45AA-AFCC-644C376DA65E}.Debug Control Creation|Mixed Platforms.Build.0 = Debug|Any CPU
		{ED491C68-A72C-45AA-AFCC-644C376DA65E}.Debug Control Creation|Win32.ActiveCfg = Debug|Any CPU
		{ED491C68-A72C-45AA-AFCC-644C376DA65E}.Debug Control Creation|x86.ActiveCfg = Debug|Any CPU
		{ED491C68-A72C-45AA-AFCC-644C376DA65E}.Debug|Any CPU.ActiveCfg = Debug|Any CPU
		{ED491C68-A72C-45AA-AFCC-644C376DA65E}.Debug|Any CPU.Build.0 = Debug|Any CPU
		{ED491C68-A72C-45AA-AFCC-644C376DA65E}.Debug|Mixed Platforms.ActiveCfg = Debug|Any CPU
		{ED491C68-A72C-45AA-AFCC-644C376DA65E}.Debug|Mixed Platforms.Build.0 = Debug|Any CPU
		{ED491C68-A72C-45AA-AFCC-644C376DA65E}.Debug|Win32.ActiveCfg = Debug|Any CPU
		{ED491C68-A72C-45AA-AFCC-644C376DA65E}.Debug|x86.ActiveCfg = Debug|x86
		{ED491C68-A72C-45AA-AFCC-644C376DA65E}.Debug|x86.Build.0 = Debug|x86
		{ED491C68-A72C-45AA-AFCC-644C376DA65E}.Release|Any CPU.ActiveCfg = Release|Any CPU
		{ED491C68-A72C-45AA-AFCC-644C376DA65E}.Release|Any CPU.Build.0 = Release|Any CPU
		{ED491C68-A72C-45AA-AFCC-644C376DA65E}.Release|Mixed Platforms.ActiveCfg = Release|Any CPU
		{ED491C68-A72C-45AA-AFCC-644C376DA65E}.Release|Mixed Platforms.Build.0 = Release|Any CPU
		{ED491C68-A72C-45AA-AFCC-644C376DA65E}.Release|Win32.ActiveCfg = Release|Any CPU
		{ED491C68-A72C-45AA-AFCC-644C376DA65E}.Release|x86.ActiveCfg = Release|x86
		{ED491C68-A72C-45AA-AFCC-644C376DA65E}.Release|x86.Build.0 = Release|x86
		{73218D7E-8813-4E5E-8163-18282C2CADEB}.Client Release|Any CPU.ActiveCfg = Release|Any CPU
		{73218D7E-8813-4E5E-8163-18282C2CADEB}.Client Release|Any CPU.Build.0 = Release|Any CPU
		{73218D7E-8813-4E5E-8163-18282C2CADEB}.Client Release|Mixed Platforms.ActiveCfg = Release|Any CPU
		{73218D7E-8813-4E5E-8163-18282C2CADEB}.Client Release|Mixed Platforms.Build.0 = Release|Any CPU
		{73218D7E-8813-4E5E-8163-18282C2CADEB}.Client Release|Win32.ActiveCfg = Release|Any CPU
		{73218D7E-8813-4E5E-8163-18282C2CADEB}.Client Release|x86.ActiveCfg = Release|Any CPU
		{73218D7E-8813-4E5E-8163-18282C2CADEB}.Debug Control Creation|Any CPU.ActiveCfg = Debug|Any CPU
		{73218D7E-8813-4E5E-8163-18282C2CADEB}.Debug Control Creation|Any CPU.Build.0 = Debug|Any CPU
		{73218D7E-8813-4E5E-8163-18282C2CADEB}.Debug Control Creation|Mixed Platforms.ActiveCfg = Debug|Any CPU
		{73218D7E-8813-4E5E-8163-18282C2CADEB}.Debug Control Creation|Mixed Platforms.Build.0 = Debug|Any CPU
		{73218D7E-8813-4E5E-8163-18282C2CADEB}.Debug Control Creation|Win32.ActiveCfg = Debug|Any CPU
		{73218D7E-8813-4E5E-8163-18282C2CADEB}.Debug Control Creation|x86.ActiveCfg = Debug|Any CPU
		{73218D7E-8813-4E5E-8163-18282C2CADEB}.Debug|Any CPU.ActiveCfg = Debug|Any CPU
		{73218D7E-8813-4E5E-8163-18282C2CADEB}.Debug|Any CPU.Build.0 = Debug|Any CPU
		{73218D7E-8813-4E5E-8163-18282C2CADEB}.Debug|Mixed Platforms.ActiveCfg = Debug|Any CPU
		{73218D7E-8813-4E5E-8163-18282C2CADEB}.Debug|Mixed Platforms.Build.0 = Debug|Any CPU
		{73218D7E-8813-4E5E-8163-18282C2CADEB}.Debug|Win32.ActiveCfg = Debug|Any CPU
		{73218D7E-8813-4E5E-8163-18282C2CADEB}.Debug|x86.ActiveCfg = Debug|x86
		{73218D7E-8813-4E5E-8163-18282C2CADEB}.Debug|x86.Build.0 = Debug|x86
		{73218D7E-8813-4E5E-8163-18282C2CADEB}.Release|Any CPU.ActiveCfg = Release|Any CPU
		{73218D7E-8813-4E5E-8163-18282C2CADEB}.Release|Any CPU.Build.0 = Release|Any CPU
		{73218D7E-8813-4E5E-8163-18282C2CADEB}.Release|Mixed Platforms.ActiveCfg = Release|Any CPU
		{73218D7E-8813-4E5E-8163-18282C2CADEB}.Release|Mixed Platforms.Build.0 = Release|Any CPU
		{73218D7E-8813-4E5E-8163-18282C2CADEB}.Release|Win32.ActiveCfg = Release|Any CPU
		{73218D7E-8813-4E5E-8163-18282C2CADEB}.Release|x86.ActiveCfg = Release|x86
		{73218D7E-8813-4E5E-8163-18282C2CADEB}.Release|x86.Build.0 = Release|x86
		{8D7C2C27-604A-4203-9BA3-B4E5DC786867}.Client Release|Any CPU.ActiveCfg = Release|x86
		{8D7C2C27-604A-4203-9BA3-B4E5DC786867}.Client Release|Mixed Platforms.ActiveCfg = Release|x86
		{8D7C2C27-604A-4203-9BA3-B4E5DC786867}.Client Release|Mixed Platforms.Build.0 = Release|x86
		{8D7C2C27-604A-4203-9BA3-B4E5DC786867}.Client Release|Win32.ActiveCfg = Release|x86
		{8D7C2C27-604A-4203-9BA3-B4E5DC786867}.Client Release|x86.ActiveCfg = Release|x86
		{8D7C2C27-604A-4203-9BA3-B4E5DC786867}.Client Release|x86.Build.0 = Release|x86
		{8D7C2C27-604A-4203-9BA3-B4E5DC786867}.Debug Control Creation|Any CPU.ActiveCfg = Debug|x86
		{8D7C2C27-604A-4203-9BA3-B4E5DC786867}.Debug Control Creation|Mixed Platforms.ActiveCfg = Debug|x86
		{8D7C2C27-604A-4203-9BA3-B4E5DC786867}.Debug Control Creation|Mixed Platforms.Build.0 = Debug|x86
		{8D7C2C27-604A-4203-9BA3-B4E5DC786867}.Debug Control Creation|Win32.ActiveCfg = Debug|x86
		{8D7C2C27-604A-4203-9BA3-B4E5DC786867}.Debug Control Creation|x86.ActiveCfg = Debug|x86
		{8D7C2C27-604A-4203-9BA3-B4E5DC786867}.Debug Control Creation|x86.Build.0 = Debug|x86
		{8D7C2C27-604A-4203-9BA3-B4E5DC786867}.Debug|Any CPU.ActiveCfg = Debug|x86
		{8D7C2C27-604A-4203-9BA3-B4E5DC786867}.Debug|Mixed Platforms.ActiveCfg = Debug|x86
		{8D7C2C27-604A-4203-9BA3-B4E5DC786867}.Debug|Mixed Platforms.Build.0 = Debug|x86
		{8D7C2C27-604A-4203-9BA3-B4E5DC786867}.Debug|Win32.ActiveCfg = Debug|x86
		{8D7C2C27-604A-4203-9BA3-B4E5DC786867}.Debug|x86.ActiveCfg = Debug|x86
		{8D7C2C27-604A-4203-9BA3-B4E5DC786867}.Debug|x86.Build.0 = Debug|x86
		{8D7C2C27-604A-4203-9BA3-B4E5DC786867}.Release|Any CPU.ActiveCfg = Release|x86
		{8D7C2C27-604A-4203-9BA3-B4E5DC786867}.Release|Mixed Platforms.ActiveCfg = Release|x86
		{8D7C2C27-604A-4203-9BA3-B4E5DC786867}.Release|Mixed Platforms.Build.0 = Release|x86
		{8D7C2C27-604A-4203-9BA3-B4E5DC786867}.Release|Win32.ActiveCfg = Release|x86
		{8D7C2C27-604A-4203-9BA3-B4E5DC786867}.Release|x86.ActiveCfg = Release|x86
		{8D7C2C27-604A-4203-9BA3-B4E5DC786867}.Release|x86.Build.0 = Release|x86
		{D50BE44C-5886-4B8E-9590-8BED87F0DC3A}.Client Release|Any CPU.ActiveCfg = Release|Any CPU
		{D50BE44C-5886-4B8E-9590-8BED87F0DC3A}.Client Release|Any CPU.Build.0 = Release|Any CPU
		{D50BE44C-5886-4B8E-9590-8BED87F0DC3A}.Client Release|Mixed Platforms.ActiveCfg = Release|Any CPU
		{D50BE44C-5886-4B8E-9590-8BED87F0DC3A}.Client Release|Mixed Platforms.Build.0 = Release|Any CPU
		{D50BE44C-5886-4B8E-9590-8BED87F0DC3A}.Client Release|Win32.ActiveCfg = Release|Any CPU
		{D50BE44C-5886-4B8E-9590-8BED87F0DC3A}.Client Release|x86.ActiveCfg = Release|Any CPU
		{D50BE44C-5886-4B8E-9590-8BED87F0DC3A}.Debug Control Creation|Any CPU.ActiveCfg = Debug|Any CPU
		{D50BE44C-5886-4B8E-9590-8BED87F0DC3A}.Debug Control Creation|Any CPU.Build.0 = Debug|Any CPU
		{D50BE44C-5886-4B8E-9590-8BED87F0DC3A}.Debug Control Creation|Mixed Platforms.ActiveCfg = Debug|Any CPU
		{D50BE44C-5886-4B8E-9590-8BED87F0DC3A}.Debug Control Creation|Mixed Platforms.Build.0 = Debug|Any CPU
		{D50BE44C-5886-4B8E-9590-8BED87F0DC3A}.Debug Control Creation|Win32.ActiveCfg = Debug|Any CPU
		{D50BE44C-5886-4B8E-9590-8BED87F0DC3A}.Debug Control Creation|x86.ActiveCfg = Debug|Any CPU
		{D50BE44C-5886-4B8E-9590-8BED87F0DC3A}.Debug|Any CPU.ActiveCfg = Debug|Any CPU
		{D50BE44C-5886-4B8E-9590-8BED87F0DC3A}.Debug|Any CPU.Build.0 = Debug|Any CPU
		{D50BE44C-5886-4B8E-9590-8BED87F0DC3A}.Debug|Mixed Platforms.ActiveCfg = Debug|Any CPU
		{D50BE44C-5886-4B8E-9590-8BED87F0DC3A}.Debug|Mixed Platforms.Build.0 = Debug|Any CPU
		{D50BE44C-5886-4B8E-9590-8BED87F0DC3A}.Debug|Win32.ActiveCfg = Debug|Any CPU
		{D50BE44C-5886-4B8E-9590-8BED87F0DC3A}.Debug|x86.ActiveCfg = Debug|x86
		{D50BE44C-5886-4B8E-9590-8BED87F0DC3A}.Debug|x86.Build.0 = Debug|x86
		{D50BE44C-5886-4B8E-9590-8BED87F0DC3A}.Release|Any CPU.ActiveCfg = Release|Any CPU
		{D50BE44C-5886-4B8E-9590-8BED87F0DC3A}.Release|Any CPU.Build.0 = Release|Any CPU
		{D50BE44C-5886-4B8E-9590-8BED87F0DC3A}.Release|Mixed Platforms.ActiveCfg = Release|Any CPU
		{D50BE44C-5886-4B8E-9590-8BED87F0DC3A}.Release|Mixed Platforms.Build.0 = Release|Any CPU
		{D50BE44C-5886-4B8E-9590-8BED87F0DC3A}.Release|Win32.ActiveCfg = Release|Any CPU
		{D50BE44C-5886-4B8E-9590-8BED87F0DC3A}.Release|x86.ActiveCfg = Release|x86
		{D50BE44C-5886-4B8E-9590-8BED87F0DC3A}.Release|x86.Build.0 = Release|x86
		{33F2461F-68CA-484D-806A-BF18F7696637}.Client Release|Any CPU.ActiveCfg = Release|x86
		{33F2461F-68CA-484D-806A-BF18F7696637}.Client Release|Mixed Platforms.ActiveCfg = Release|x86
		{33F2461F-68CA-484D-806A-BF18F7696637}.Client Release|Mixed Platforms.Build.0 = Release|x86
		{33F2461F-68CA-484D-806A-BF18F7696637}.Client Release|Win32.ActiveCfg = Release|x86
		{33F2461F-68CA-484D-806A-BF18F7696637}.Client Release|x86.ActiveCfg = Release|x86
		{33F2461F-68CA-484D-806A-BF18F7696637}.Client Release|x86.Build.0 = Release|x86
		{33F2461F-68CA-484D-806A-BF18F7696637}.Debug Control Creation|Any CPU.ActiveCfg = Debug|x86
		{33F2461F-68CA-484D-806A-BF18F7696637}.Debug Control Creation|Mixed Platforms.ActiveCfg = Debug|x86
		{33F2461F-68CA-484D-806A-BF18F7696637}.Debug Control Creation|Mixed Platforms.Build.0 = Debug|x86
		{33F2461F-68CA-484D-806A-BF18F7696637}.Debug Control Creation|Win32.ActiveCfg = Debug|x86
		{33F2461F-68CA-484D-806A-BF18F7696637}.Debug Control Creation|x86.ActiveCfg = Debug|x86
		{33F2461F-68CA-484D-806A-BF18F7696637}.Debug Control Creation|x86.Build.0 = Debug|x86
		{33F2461F-68CA-484D-806A-BF18F7696637}.Debug|Any CPU.ActiveCfg = Debug|x86
		{33F2461F-68CA-484D-806A-BF18F7696637}.Debug|Mixed Platforms.ActiveCfg = Debug|x86
		{33F2461F-68CA-484D-806A-BF18F7696637}.Debug|Mixed Platforms.Build.0 = Debug|x86
		{33F2461F-68CA-484D-806A-BF18F7696637}.Debug|Win32.ActiveCfg = Debug|x86
		{33F2461F-68CA-484D-806A-BF18F7696637}.Debug|x86.ActiveCfg = Debug|x86
		{33F2461F-68CA-484D-806A-BF18F7696637}.Debug|x86.Build.0 = Debug|x86
		{33F2461F-68CA-484D-806A-BF18F7696637}.Release|Any CPU.ActiveCfg = Release|x86
		{33F2461F-68CA-484D-806A-BF18F7696637}.Release|Mixed Platforms.ActiveCfg = Release|x86
		{33F2461F-68CA-484D-806A-BF18F7696637}.Release|Mixed Platforms.Build.0 = Release|x86
		{33F2461F-68CA-484D-806A-BF18F7696637}.Release|Win32.ActiveCfg = Release|x86
		{33F2461F-68CA-484D-806A-BF18F7696637}.Release|x86.ActiveCfg = Release|x86
		{33F2461F-68CA-484D-806A-BF18F7696637}.Release|x86.Build.0 = Release|x86
		{4E2C3760-7D6A-4824-80BF-D34C66868A8A}.Client Release|Any CPU.ActiveCfg = Release|Any CPU
		{4E2C3760-7D6A-4824-80BF-D34C66868A8A}.Client Release|Any CPU.Build.0 = Release|Any CPU
		{4E2C3760-7D6A-4824-80BF-D34C66868A8A}.Client Release|Mixed Platforms.ActiveCfg = Release|Any CPU
		{4E2C3760-7D6A-4824-80BF-D34C66868A8A}.Client Release|Mixed Platforms.Build.0 = Release|Any CPU
		{4E2C3760-7D6A-4824-80BF-D34C66868A8A}.Client Release|Win32.ActiveCfg = Release|Any CPU
		{4E2C3760-7D6A-4824-80BF-D34C66868A8A}.Client Release|x86.ActiveCfg = Release|Any CPU
		{4E2C3760-7D6A-4824-80BF-D34C66868A8A}.Debug Control Creation|Any CPU.ActiveCfg = Debug|Any CPU
		{4E2C3760-7D6A-4824-80BF-D34C66868A8A}.Debug Control Creation|Any CPU.Build.0 = Debug|Any CPU
		{4E2C3760-7D6A-4824-80BF-D34C66868A8A}.Debug Control Creation|Mixed Platforms.ActiveCfg = Debug|Any CPU
		{4E2C3760-7D6A-4824-80BF-D34C66868A8A}.Debug Control Creation|Mixed Platforms.Build.0 = Debug|Any CPU
		{4E2C3760-7D6A-4824-80BF-D34C66868A8A}.Debug Control Creation|Win32.ActiveCfg = Debug|Any CPU
		{4E2C3760-7D6A-4824-80BF-D34C66868A8A}.Debug Control Creation|x86.ActiveCfg = Debug|Any CPU
		{4E2C3760-7D6A-4824-80BF-D34C66868A8A}.Debug|Any CPU.ActiveCfg = Debug|Any CPU
		{4E2C3760-7D6A-4824-80BF-D34C66868A8A}.Debug|Any CPU.Build.0 = Debug|Any CPU
		{4E2C3760-7D6A-4824-80BF-D34C66868A8A}.Debug|Mixed Platforms.ActiveCfg = Debug|Any CPU
		{4E2C3760-7D6A-4824-80BF-D34C66868A8A}.Debug|Mixed Platforms.Build.0 = Debug|Any CPU
		{4E2C3760-7D6A-4824-80BF-D34C66868A8A}.Debug|Win32.ActiveCfg = Debug|Any CPU
		{4E2C3760-7D6A-4824-80BF-D34C66868A8A}.Debug|x86.ActiveCfg = Debug|x86
		{4E2C3760-7D6A-4824-80BF-D34C66868A8A}.Debug|x86.Build.0 = Debug|x86
		{4E2C3760-7D6A-4824-80BF-D34C66868A8A}.Release|Any CPU.ActiveCfg = Release|Any CPU
		{4E2C3760-7D6A-4824-80BF-D34C66868A8A}.Release|Any CPU.Build.0 = Release|Any CPU
		{4E2C3760-7D6A-4824-80BF-D34C66868A8A}.Release|Mixed Platforms.ActiveCfg = Release|Any CPU
		{4E2C3760-7D6A-4824-80BF-D34C66868A8A}.Release|Mixed Platforms.Build.0 = Release|Any CPU
		{4E2C3760-7D6A-4824-80BF-D34C66868A8A}.Release|Win32.ActiveCfg = Release|Any CPU
		{4E2C3760-7D6A-4824-80BF-D34C66868A8A}.Release|x86.ActiveCfg = Release|x86
		{4E2C3760-7D6A-4824-80BF-D34C66868A8A}.Release|x86.Build.0 = Release|x86
		{6DDC431A-AEE9-41F4-BC8A-BE6C8FED723F}.Client Release|Any CPU.ActiveCfg = Release|x86
		{6DDC431A-AEE9-41F4-BC8A-BE6C8FED723F}.Client Release|Mixed Platforms.ActiveCfg = Release|x86
		{6DDC431A-AEE9-41F4-BC8A-BE6C8FED723F}.Client Release|Mixed Platforms.Build.0 = Release|x86
		{6DDC431A-AEE9-41F4-BC8A-BE6C8FED723F}.Client Release|Win32.ActiveCfg = Release|x86
		{6DDC431A-AEE9-41F4-BC8A-BE6C8FED723F}.Client Release|x86.ActiveCfg = Release|x86
		{6DDC431A-AEE9-41F4-BC8A-BE6C8FED723F}.Client Release|x86.Build.0 = Release|x86
		{6DDC431A-AEE9-41F4-BC8A-BE6C8FED723F}.Debug Control Creation|Any CPU.ActiveCfg = Debug|x86
		{6DDC431A-AEE9-41F4-BC8A-BE6C8FED723F}.Debug Control Creation|Mixed Platforms.ActiveCfg = Debug|x86
		{6DDC431A-AEE9-41F4-BC8A-BE6C8FED723F}.Debug Control Creation|Mixed Platforms.Build.0 = Debug|x86
		{6DDC431A-AEE9-41F4-BC8A-BE6C8FED723F}.Debug Control Creation|Win32.ActiveCfg = Debug|x86
		{6DDC431A-AEE9-41F4-BC8A-BE6C8FED723F}.Debug Control Creation|x86.ActiveCfg = Debug|x86
		{6DDC431A-AEE9-41F4-BC8A-BE6C8FED723F}.Debug Control Creation|x86.Build.0 = Debug|x86
		{6DDC431A-AEE9-41F4-BC8A-BE6C8FED723F}.Debug|Any CPU.ActiveCfg = Debug|x86
		{6DDC431A-AEE9-41F4-BC8A-BE6C8FED723F}.Debug|Mixed Platforms.ActiveCfg = Debug|x86
		{6DDC431A-AEE9-41F4-BC8A-BE6C8FED723F}.Debug|Mixed Platforms.Build.0 = Debug|x86
		{6DDC431A-AEE9-41F4-BC8A-BE6C8FED723F}.Debug|Win32.ActiveCfg = Debug|x86
		{6DDC431A-AEE9-41F4-BC8A-BE6C8FED723F}.Debug|x86.ActiveCfg = Debug|x86
		{6DDC431A-AEE9-41F4-BC8A-BE6C8FED723F}.Debug|x86.Build.0 = Debug|x86
		{6DDC431A-AEE9-41F4-BC8A-BE6C8FED723F}.Release|Any CPU.ActiveCfg = Release|x86
		{6DDC431A-AEE9-41F4-BC8A-BE6C8FED723F}.Release|Mixed Platforms.ActiveCfg = Release|x86
		{6DDC431A-AEE9-41F4-BC8A-BE6C8FED723F}.Release|Mixed Platforms.Build.0 = Release|x86
		{6DDC431A-AEE9-41F4-BC8A-BE6C8FED723F}.Release|Win32.ActiveCfg = Release|x86
		{6DDC431A-AEE9-41F4-BC8A-BE6C8FED723F}.Release|x86.ActiveCfg = Release|x86
		{6DDC431A-AEE9-41F4-BC8A-BE6C8FED723F}.Release|x86.Build.0 = Release|x86
	EndGlobalSection
	GlobalSection(SolutionProperties) = preSolution
		HideSolutionNode = FALSE
	EndGlobalSection
EndGlobal
